
Microsoft Visual Studio Solution File, Format Version 12.00
# Visual Studio Version 17
VisualStudioVersion = 17.0.31903.59
MinimumVisualStudioVersion = 10.0.40219.1
Project("{FAE04EC0-301F-11D3-BF4B-00C04F79EFBC}") = "asg.identity", "src\asg.identity\asg.identity.csproj", "{A915A6BD-9F6C-458D-B3A1-13E4D15A07E3}"
EndProject
Project("{FAE04EC0-301F-11D3-BF4B-00C04F79EFBC}") = "asg.data", "src\asg.data\asg.data.csproj", "{944B75C2-DF18-423D-9BBA-4255288FFD89}"
EndProject
Project("{FAE04EC0-301F-11D3-BF4B-00C04F79EFBC}") = "asg.data.migrator", "src\asg.data.migrator\asg.data.migrator.csproj", "{4A2D8671-E96B-4912-AFE3-24A2092DE862}"
EndProject
Project("{FAE04EC0-301F-11D3-BF4B-00C04F79EFBC}") = "asg.data.migrator.tests", "tests\asg.data.migrator.tests\asg.data.migrator.tests.csproj", "{BF4D1716-58EA-453E-9057-9601F36AD116}"
EndProject
Global
	GlobalSection(SolutionConfigurationPlatforms) = preSolution
		Debug|Any CPU = Debug|Any CPU
		Release|Any CPU = Release|Any CPU
	EndGlobalSection
	GlobalSection(ProjectConfigurationPlatforms) = postSolution
		{A915A6BD-9F6C-458D-B3A1-13E4D15A07E3}.Debug|Any CPU.ActiveCfg = Debug|Any CPU
		{A915A6BD-9F6C-458D-B3A1-13E4D15A07E3}.Debug|Any CPU.Build.0 = Debug|Any CPU
		{A915A6BD-9F6C-458D-B3A1-13E4D15A07E3}.Release|Any CPU.ActiveCfg = Release|Any CPU
		{A915A6BD-9F6C-458D-B3A1-13E4D15A07E3}.Release|Any CPU.Build.0 = Release|Any CPU
		{944B75C2-DF18-423D-9BBA-4255288FFD89}.Debug|Any CPU.ActiveCfg = Debug|Any CPU
		{944B75C2-DF18-423D-9BBA-4255288FFD89}.Debug|Any CPU.Build.0 = Debug|Any CPU
		{944B75C2-DF18-423D-9BBA-4255288FFD89}.Release|Any CPU.ActiveCfg = Release|Any CPU
		{944B75C2-DF18-423D-9BBA-4255288FFD89}.Release|Any CPU.Build.0 = Release|Any CPU
		{4A2D8671-E96B-4912-AFE3-24A2092DE862}.Debug|Any CPU.ActiveCfg = Debug|Any CPU
		{4A2D8671-E96B-4912-AFE3-24A2092DE862}.Debug|Any CPU.Build.0 = Debug|Any CPU
		{4A2D8671-E96B-4912-AFE3-24A2092DE862}.Release|Any CPU.ActiveCfg = Release|Any CPU
		{4A2D8671-E96B-4912-AFE3-24A2092DE862}.Release|Any CPU.Build.0 = Release|Any CPU
		{BF4D1716-58EA-453E-9057-9601F36AD116}.Debug|Any CPU.ActiveCfg = Debug|Any CPU
		{BF4D1716-58EA-453E-9057-9601F36AD116}.Debug|Any CPU.Build.0 = Debug|Any CPU
		{BF4D1716-58EA-453E-9057-9601F36AD116}.Release|Any CPU.ActiveCfg = Release|Any CPU
		{BF4D1716-58EA-453E-9057-9601F36AD116}.Release|Any CPU.Build.0 = Release|Any CPU
	EndGlobalSection
	GlobalSection(SolutionProperties) = preSolution
		HideSolutionNode = FALSE
	EndGlobalSection
	GlobalSection(ExtensibilityGlobals) = postSolution
		SolutionGuid = {5E56EC49-B659-4F07-A208-B06E567218D4}
	EndGlobalSection
EndGlobal
